
Microsoft Visual Studio Solution File, Format Version 12.00
# Visual Studio Version 16
VisualStudioVersion = 16.0.30711.63
MinimumVisualStudioVersion = 10.0.40219.1
Project("{9A19103F-16F7-4668-BE54-9A1E7A4F7556}") = "Citylogia.Server", "Citylogia.Server\Citylogia.Server.csproj", "{62846EA8-4155-4507-BB99-8F7BCC7727F5}"
	ProjectSection(ProjectDependencies) = postProject
		{517D3454-CE3D-4F4A-A997-FE3899EBC267} = {517D3454-CE3D-4F4A-A997-FE3899EBC267}
		{614AD266-1121-4843-9A06-8C061CFD4BF4} = {614AD266-1121-4843-9A06-8C061CFD4BF4}
		{3AACDBD1-FB89-4642-B94B-F8C3853A5058} = {3AACDBD1-FB89-4642-B94B-F8C3853A5058}
		{067EE1E3-8B7E-4ED7-BA66-C0BD6DE451C5} = {067EE1E3-8B7E-4ED7-BA66-C0BD6DE451C5}
	EndProjectSection
EndProject
Project("{9A19103F-16F7-4668-BE54-9A1E7A4F7556}") = "Core.Db", "Core.Db\Core.Db.csproj", "{067EE1E3-8B7E-4ED7-BA66-C0BD6DE451C5}"
	ProjectSection(ProjectDependencies) = postProject
		{517D3454-CE3D-4F4A-A997-FE3899EBC267} = {517D3454-CE3D-4F4A-A997-FE3899EBC267}
		{614AD266-1121-4843-9A06-8C061CFD4BF4} = {614AD266-1121-4843-9A06-8C061CFD4BF4}
	EndProjectSection
EndProject
Project("{9A19103F-16F7-4668-BE54-9A1E7A4F7556}") = "Core.Entities", "Core.Entities\Core.Entities.csproj", "{517D3454-CE3D-4F4A-A997-FE3899EBC267}"
EndProject
Project("{9A19103F-16F7-4668-BE54-9A1E7A4F7556}") = "Core.Tools", "Core.Tools\Core.Tools.csproj", "{614AD266-1121-4843-9A06-8C061CFD4BF4}"
	ProjectSection(ProjectDependencies) = postProject
		{83B2DADC-9597-468B-9F7D-2F8B5F74A750} = {83B2DADC-9597-468B-9F7D-2F8B5F74A750}
	EndProjectSection
EndProject
Project("{9A19103F-16F7-4668-BE54-9A1E7A4F7556}") = "Core.Api", "Core.Api\Core.Api.csproj", "{0848F1B8-9620-4205-9E18-042BFCC3B906}"
EndProject
Project("{9A19103F-16F7-4668-BE54-9A1E7A4F7556}") = "Libraries", "Libraries\Libraries.csproj", "{83B2DADC-9597-468B-9F7D-2F8B5F74A750}"
EndProject
Project("{FAE04EC0-301F-11D3-BF4B-00C04F79EFBC}") = "Repositories", "Repositories\Repositories.csproj", "{3AACDBD1-FB89-4642-B94B-F8C3853A5058}"
	ProjectSection(ProjectDependencies) = postProject
		{83B2DADC-9597-468B-9F7D-2F8B5F74A750} = {83B2DADC-9597-468B-9F7D-2F8B5F74A750}
		{067EE1E3-8B7E-4ED7-BA66-C0BD6DE451C5} = {067EE1E3-8B7E-4ED7-BA66-C0BD6DE451C5}
	EndProjectSection
EndProject
Global
	GlobalSection(SolutionConfigurationPlatforms) = preSolution
		Debug|Any CPU = Debug|Any CPU
		Release|Any CPU = Release|Any CPU
	EndGlobalSection
	GlobalSection(ProjectConfigurationPlatforms) = postSolution
		{62846EA8-4155-4507-BB99-8F7BCC7727F5}.Debug|Any CPU.ActiveCfg = Debug|Any CPU
		{62846EA8-4155-4507-BB99-8F7BCC7727F5}.Debug|Any CPU.Build.0 = Debug|Any CPU
		{62846EA8-4155-4507-BB99-8F7BCC7727F5}.Release|Any CPU.ActiveCfg = Release|Any CPU
		{62846EA8-4155-4507-BB99-8F7BCC7727F5}.Release|Any CPU.Build.0 = Release|Any CPU
		{067EE1E3-8B7E-4ED7-BA66-C0BD6DE451C5}.Debug|Any CPU.ActiveCfg = Debug|Any CPU
		{067EE1E3-8B7E-4ED7-BA66-C0BD6DE451C5}.Debug|Any CPU.Build.0 = Debug|Any CPU
		{067EE1E3-8B7E-4ED7-BA66-C0BD6DE451C5}.Release|Any CPU.ActiveCfg = Release|Any CPU
		{067EE1E3-8B7E-4ED7-BA66-C0BD6DE451C5}.Release|Any CPU.Build.0 = Release|Any CPU
		{517D3454-CE3D-4F4A-A997-FE3899EBC267}.Debug|Any CPU.ActiveCfg = Debug|Any CPU
		{517D3454-CE3D-4F4A-A997-FE3899EBC267}.Debug|Any CPU.Build.0 = Debug|Any CPU
		{517D3454-CE3D-4F4A-A997-FE3899EBC267}.Release|Any CPU.ActiveCfg = Release|Any CPU
		{517D3454-CE3D-4F4A-A997-FE3899EBC267}.Release|Any CPU.Build.0 = Release|Any CPU
		{614AD266-1121-4843-9A06-8C061CFD4BF4}.Debug|Any CPU.ActiveCfg = Debug|Any CPU
		{614AD266-1121-4843-9A06-8C061CFD4BF4}.Debug|Any CPU.Build.0 = Debug|Any CPU
		{614AD266-1121-4843-9A06-8C061CFD4BF4}.Release|Any CPU.ActiveCfg = Release|Any CPU
		{614AD266-1121-4843-9A06-8C061CFD4BF4}.Release|Any CPU.Build.0 = Release|Any CPU
		{0848F1B8-9620-4205-9E18-042BFCC3B906}.Debug|Any CPU.ActiveCfg = Debug|Any CPU
		{0848F1B8-9620-4205-9E18-042BFCC3B906}.Debug|Any CPU.Build.0 = Debug|Any CPU
		{0848F1B8-9620-4205-9E18-042BFCC3B906}.Release|Any CPU.ActiveCfg = Release|Any CPU
		{0848F1B8-9620-4205-9E18-042BFCC3B906}.Release|Any CPU.Build.0 = Release|Any CPU
		{83B2DADC-9597-468B-9F7D-2F8B5F74A750}.Debug|Any CPU.ActiveCfg = Debug|Any CPU
		{83B2DADC-9597-468B-9F7D-2F8B5F74A750}.Debug|Any CPU.Build.0 = Debug|Any CPU
		{83B2DADC-9597-468B-9F7D-2F8B5F74A750}.Release|Any CPU.ActiveCfg = Release|Any CPU
		{83B2DADC-9597-468B-9F7D-2F8B5F74A750}.Release|Any CPU.Build.0 = Release|Any CPU
		{3AACDBD1-FB89-4642-B94B-F8C3853A5058}.Debug|Any CPU.ActiveCfg = Debug|Any CPU
		{3AACDBD1-FB89-4642-B94B-F8C3853A5058}.Debug|Any CPU.Build.0 = Debug|Any CPU
		{3AACDBD1-FB89-4642-B94B-F8C3853A5058}.Release|Any CPU.ActiveCfg = Release|Any CPU
		{3AACDBD1-FB89-4642-B94B-F8C3853A5058}.Release|Any CPU.Build.0 = Release|Any CPU
	EndGlobalSection
	GlobalSection(SolutionProperties) = preSolution
		HideSolutionNode = FALSE
	EndGlobalSection
	GlobalSection(ExtensibilityGlobals) = postSolution
		SolutionGuid = {2448FCD5-9878-4DDA-85F5-4D8B10052AC7}
	EndGlobalSection
EndGlobal
